
Microsoft Visual Studio Solution File, Format Version 12.00
# Visual Studio Version 17
VisualStudioVersion = 17.3.32922.545
MinimumVisualStudioVersion = 10.0.40219.1
Project("{FAE04EC0-301F-11D3-BF4B-00C04F79EFBC}") = "ShopooCustomerApp", "ShopooCustomerApp\ShopooCustomerApp.csproj", "{2C5EBE9F-F2CF-4356-BFCA-8DD424FDCE0A}"
EndProject
Global
	GlobalSection(SolutionConfigurationPlatforms) = preSolution
		Debug|Any CPU = Debug|Any CPU
		Release|Any CPU = Release|Any CPU
	EndGlobalSection
	GlobalSection(ProjectConfigurationPlatforms) = postSolution
		{2C5EBE9F-F2CF-4356-BFCA-8DD424FDCE0A}.Debug|Any CPU.ActiveCfg = Debug|Any CPU
		{2C5EBE9F-F2CF-4356-BFCA-8DD424FDCE0A}.Debug|Any CPU.Build.0 = Debug|Any CPU
		{2C5EBE9F-F2CF-4356-BFCA-8DD424FDCE0A}.Release|Any CPU.ActiveCfg = Release|Any CPU
		{2C5EBE9F-F2CF-4356-BFCA-8DD424FDCE0A}.Release|Any CPU.Build.0 = Release|Any CPU
	EndGlobalSection
	GlobalSection(SolutionProperties) = preSolution
		HideSolutionNode = FALSE
	EndGlobalSection
	GlobalSection(ExtensibilityGlobals) = postSolution
		SolutionGuid = {1C72E8EE-F1DB-49E4-8250-C6847E0AA938}
	EndGlobalSection
EndGlobal
